
Microsoft Visual Studio Solution File, Format Version 12.00
# Visual Studio Version 16
VisualStudioVersion = 16.0.33927.289
MinimumVisualStudioVersion = 10.0.40219.1
Project("{2150E333-8FDC-42A3-9474-1A3956D46DE8}") = "Task0", "Task0", "{0EF1F1B8-66F8-4B6D-9467-0E683C0C883C}"
EndProject
Project("{FAE04EC0-301F-11D3-BF4B-00C04F79EFBC}") = "Tyuiu.BrovinaYV.Sprint3.Task0.V22", "Tyuiu.BrovinaYV.Sprint3.Task0.V22\Tyuiu.BrovinaYV.Sprint3.Task0.V22.csproj", "{0668541A-5FB9-4964-AC75-21398DB7F90D}"
EndProject
Project("{FAE04EC0-301F-11D3-BF4B-00C04F79EFBC}") = "Tyuiu.BrovinaYV.Sprint3.Task0.V22.Lib", "Tyuiu.BrovinaYV.Sprint3.Task0.V22.Lib\Tyuiu.BrovinaYV.Sprint3.Task0.V22.Lib.csproj", "{8AE0D04A-D7F3-4367-B03A-8F1EA525FB54}"
EndProject
Project("{FAE04EC0-301F-11D3-BF4B-00C04F79EFBC}") = "Tyuiu.BrovinaYV.Sprint3.Task0.V22.Test", "Tyuiu.BrovinaYV.Sprint3.Task0.V22.Test\Tyuiu.BrovinaYV.Sprint3.Task0.V22.Test.csproj", "{1BB69243-A5A6-4DB1-97AD-7B68F73DF868}"
EndProject
Project("{2150E333-8FDC-42A3-9474-1A3956D46DE8}") = "Task1", "Task1", "{636B018E-80F9-4559-B98C-BE009315E6AF}"
EndProject
Project("{FAE04EC0-301F-11D3-BF4B-00C04F79EFBC}") = "Tyuiu.BrovinaYV.Sprint3.Task1.V7", "Tyuiu.BrovinaYV.Sprint3.Task1.V7\Tyuiu.BrovinaYV.Sprint3.Task1.V7.csproj", "{71A3C924-5087-44F9-9FD3-A1A3C324ECDC}"
EndProject
Project("{FAE04EC0-301F-11D3-BF4B-00C04F79EFBC}") = "Tyuiu.BrovinaYV.Sprint3.Task1.V7.Lib", "Tyuiu.BrovinaYV.Sprint3.Task1.V7.Lib\Tyuiu.BrovinaYV.Sprint3.Task1.V7.Lib.csproj", "{2F0ECFB8-5332-4CD7-9EEF-65F8E155E516}"
EndProject
Project("{FAE04EC0-301F-11D3-BF4B-00C04F79EFBC}") = "Tyuiu.BrovinaYV.Sprint3.Task1.V7.Test", "Tyuiu.BrovinaYV.Sprint3.Task1.V7.Test\Tyuiu.BrovinaYV.Sprint3.Task1.V7.Test.csproj", "{7683BEBA-A1C6-468C-A43E-CF931318B1BB}"
EndProject
Project("{2150E333-8FDC-42A3-9474-1A3956D46DE8}") = "Task2", "Task2", "{6F1CFE60-ACAD-4E1C-BE54-EA01B92DD883}"
EndProject
Project("{FAE04EC0-301F-11D3-BF4B-00C04F79EFBC}") = "Tyuiu.BrovinaYV.Sprint3.Task2.V14", "Tyuiu.BrovinaYV.Sprint3.Task2.V14\Tyuiu.BrovinaYV.Sprint3.Task2.V14.csproj", "{BE23E08A-1329-4B6A-97A6-439F3F8395F9}"
EndProject
Project("{FAE04EC0-301F-11D3-BF4B-00C04F79EFBC}") = "Tyuiu.BrovinaYV.Sprint3.Task2.V14.Lib", "Tyuiu.BrovinaYV.Sprint3.Task2.V14.Lib\Tyuiu.BrovinaYV.Sprint3.Task2.V14.Lib.csproj", "{BA2CBF61-EE82-4405-9472-D6505DA68CC3}"
EndProject
Project("{FAE04EC0-301F-11D3-BF4B-00C04F79EFBC}") = "Tyuiu.BrovinaYV.Sprint3.Task2.V14.Test", "Tyuiu.BrovinaYV.Sprint3.Task2.V14.Test\Tyuiu.BrovinaYV.Sprint3.Task2.V14.Test.csproj", "{F898CDAB-5820-4C4C-833A-78037B736A48}"
EndProject
Project("{2150E333-8FDC-42A3-9474-1A3956D46DE8}") = "Task3", "Task3", "{735506F2-EA32-4C55-B338-F41DD475D35D}"
EndProject
Project("{FAE04EC0-301F-11D3-BF4B-00C04F79EFBC}") = "Tyuiu.BrovinaYV.Sprint3.Task3.V30", "Tyuiu.BrovinaYV.Sprint3.Task3.V30\Tyuiu.BrovinaYV.Sprint3.Task3.V30.csproj", "{419D3830-2DC5-40C1-A80C-978D1D6FC323}"
EndProject
Project("{FAE04EC0-301F-11D3-BF4B-00C04F79EFBC}") = "Tyuiu.BrovinaYV.Sprint3.Task3.V30.Lib", "Tyuiu.BrovinaYV.Sprint3.Task3.V30.Lib\Tyuiu.BrovinaYV.Sprint3.Task3.V30.Lib.csproj", "{97962C17-35CE-415B-95B9-61641C248446}"
EndProject
Project("{FAE04EC0-301F-11D3-BF4B-00C04F79EFBC}") = "Tyuiu.BrovinaYV.Sprint3.Task3.V30.Test", "Tyuiu.BrovinaYV.Sprint3.Task3.V30.Test\Tyuiu.BrovinaYV.Sprint3.Task3.V30.Test.csproj", "{17FA703E-C423-452D-AB65-EE0BBE485CCB}"
EndProject
Project("{2150E333-8FDC-42A3-9474-1A3956D46DE8}") = "Task4", "Task4", "{CFBCB255-CEC9-4E3F-BC9E-4B26810A076D}"
EndProject
Project("{FAE04EC0-301F-11D3-BF4B-00C04F79EFBC}") = "Tyuiu.BrovinaYV.Sprint3.Task4.V3", "Tyuiu.BrovinaYV.Sprint3.Task4.V3\Tyuiu.BrovinaYV.Sprint3.Task4.V3.csproj", "{DBB030D2-AF36-46C7-9B49-84C9795F75EB}"
EndProject
Project("{FAE04EC0-301F-11D3-BF4B-00C04F79EFBC}") = "Tyuiu.BrovinaYV.Sprint3.Task4.V3.Lib", "Tyuiu.BrovinaYV.Sprint3.Task4.V3.Lib\Tyuiu.BrovinaYV.Sprint3.Task4.V3.Lib.csproj", "{EFD5C22F-37AA-4D5D-A8F2-C5FCEE768CBC}"
EndProject
Project("{FAE04EC0-301F-11D3-BF4B-00C04F79EFBC}") = "Tyuiu.BrovinaYV.Sprint3.Task4.V3.Test", "Tyuiu.BrovinaYV.Sprint3.Task4.V3.Test\Tyuiu.BrovinaYV.Sprint3.Task4.V3.Test.csproj", "{970FA80E-2E9A-4B62-85CF-408357875DA8}"
EndProject
Project("{2150E333-8FDC-42A3-9474-1A3956D46DE8}") = "Task5", "Task5", "{577FEBB9-D548-4C49-9AE2-4E160F59649F}"
EndProject
Project("{FAE04EC0-301F-11D3-BF4B-00C04F79EFBC}") = "Tyuiu.BrovinaYV.Sprint3.Task5.V1", "Tyuiu.BrovinaYV.Sprint3.Task5.V1\Tyuiu.BrovinaYV.Sprint3.Task5.V1.csproj", "{B4209277-D73F-484A-9C3A-B3877239902A}"
EndProject
Project("{FAE04EC0-301F-11D3-BF4B-00C04F79EFBC}") = "Tyuiu.BrovinaYV.Sprint3.Task5.V1.Lib", "Tyuiu.BrovinaYV.Sprint3.Task5.V1.Lib\Tyuiu.BrovinaYV.Sprint3.Task5.V1.Lib.csproj", "{DA190642-AC60-420C-895D-57C3959FABED}"
EndProject
Project("{FAE04EC0-301F-11D3-BF4B-00C04F79EFBC}") = "Tyuiu.BrovinaYV.Sprint3.Task5.V1.Test", "Tyuiu.BrovinaYV.Sprint3.Task5.V1.Test\Tyuiu.BrovinaYV.Sprint3.Task5.V1.Test.csproj", "{F82AD800-9461-47CA-8AE1-EC3E1350C6A3}"
EndProject
Project("{2150E333-8FDC-42A3-9474-1A3956D46DE8}") = "Task6", "Task6", "{F1CCA059-8174-4990-91FA-921984AEFCED}"
EndProject
Project("{FAE04EC0-301F-11D3-BF4B-00C04F79EFBC}") = "Tyuiu.BrovinaYV.Sprint3.Task6.V5", "Tyuiu.BrovinaYV.Sprint3.Task6.V5\Tyuiu.BrovinaYV.Sprint3.Task6.V5.csproj", "{574B9CD5-A33C-4F18-BC13-23CED9B82421}"
EndProject
Project("{FAE04EC0-301F-11D3-BF4B-00C04F79EFBC}") = "Tyuiu.BrovinaYV.Sprint3.Task6.V5.Test", "Tyuiu.BrovinaYV.Sprint3.Task6.V5.Test\Tyuiu.BrovinaYV.Sprint3.Task6.V5.Test.csproj", "{42B92B7E-3A21-4A28-8B74-6AB8194AF18E}"
EndProject
Project("{FAE04EC0-301F-11D3-BF4B-00C04F79EFBC}") = "Tyuiu.BrovinaYV.Sprint3.Task6.V5.Lib", "Tyuiu.BrovinaYV.Sprint3.Task6.V5.Lib\Tyuiu.BrovinaYV.Sprint3.Task6.V5.Lib.csproj", "{E415C976-C344-4065-A26D-6B91AD219C83}"
EndProject
Global
	GlobalSection(SolutionConfigurationPlatforms) = preSolution
		Debug|Any CPU = Debug|Any CPU
		Release|Any CPU = Release|Any CPU
	EndGlobalSection
	GlobalSection(ProjectConfigurationPlatforms) = postSolution
		{0668541A-5FB9-4964-AC75-21398DB7F90D}.Debug|Any CPU.ActiveCfg = Debug|Any CPU
		{0668541A-5FB9-4964-AC75-21398DB7F90D}.Debug|Any CPU.Build.0 = Debug|Any CPU
		{0668541A-5FB9-4964-AC75-21398DB7F90D}.Release|Any CPU.ActiveCfg = Release|Any CPU
		{0668541A-5FB9-4964-AC75-21398DB7F90D}.Release|Any CPU.Build.0 = Release|Any CPU
		{8AE0D04A-D7F3-4367-B03A-8F1EA525FB54}.Debug|Any CPU.ActiveCfg = Debug|Any CPU
		{8AE0D04A-D7F3-4367-B03A-8F1EA525FB54}.Debug|Any CPU.Build.0 = Debug|Any CPU
		{8AE0D04A-D7F3-4367-B03A-8F1EA525FB54}.Release|Any CPU.ActiveCfg = Release|Any CPU
		{8AE0D04A-D7F3-4367-B03A-8F1EA525FB54}.Release|Any CPU.Build.0 = Release|Any CPU
		{1BB69243-A5A6-4DB1-97AD-7B68F73DF868}.Debug|Any CPU.ActiveCfg = Debug|Any CPU
		{1BB69243-A5A6-4DB1-97AD-7B68F73DF868}.Debug|Any CPU.Build.0 = Debug|Any CPU
		{1BB69243-A5A6-4DB1-97AD-7B68F73DF868}.Release|Any CPU.ActiveCfg = Release|Any CPU
		{1BB69243-A5A6-4DB1-97AD-7B68F73DF868}.Release|Any CPU.Build.0 = Release|Any CPU
		{71A3C924-5087-44F9-9FD3-A1A3C324ECDC}.Debug|Any CPU.ActiveCfg = Debug|Any CPU
		{71A3C924-5087-44F9-9FD3-A1A3C324ECDC}.Debug|Any CPU.Build.0 = Debug|Any CPU
		{71A3C924-5087-44F9-9FD3-A1A3C324ECDC}.Release|Any CPU.ActiveCfg = Release|Any CPU
		{71A3C924-5087-44F9-9FD3-A1A3C324ECDC}.Release|Any CPU.Build.0 = Release|Any CPU
		{2F0ECFB8-5332-4CD7-9EEF-65F8E155E516}.Debug|Any CPU.ActiveCfg = Debug|Any CPU
		{2F0ECFB8-5332-4CD7-9EEF-65F8E155E516}.Debug|Any CPU.Build.0 = Debug|Any CPU
		{2F0ECFB8-5332-4CD7-9EEF-65F8E155E516}.Release|Any CPU.ActiveCfg = Release|Any CPU
		{2F0ECFB8-5332-4CD7-9EEF-65F8E155E516}.Release|Any CPU.Build.0 = Release|Any CPU
		{7683BEBA-A1C6-468C-A43E-CF931318B1BB}.Debug|Any CPU.ActiveCfg = Debug|Any CPU
		{7683BEBA-A1C6-468C-A43E-CF931318B1BB}.Debug|Any CPU.Build.0 = Debug|Any CPU
		{7683BEBA-A1C6-468C-A43E-CF931318B1BB}.Release|Any CPU.ActiveCfg = Release|Any CPU
		{7683BEBA-A1C6-468C-A43E-CF931318B1BB}.Release|Any CPU.Build.0 = Release|Any CPU
		{BE23E08A-1329-4B6A-97A6-439F3F8395F9}.Debug|Any CPU.ActiveCfg = Debug|Any CPU
		{BE23E08A-1329-4B6A-97A6-439F3F8395F9}.Debug|Any CPU.Build.0 = Debug|Any CPU
		{BE23E08A-1329-4B6A-97A6-439F3F8395F9}.Release|Any CPU.ActiveCfg = Release|Any CPU
		{BE23E08A-1329-4B6A-97A6-439F3F8395F9}.Release|Any CPU.Build.0 = Release|Any CPU
		{BA2CBF61-EE82-4405-9472-D6505DA68CC3}.Debug|Any CPU.ActiveCfg = Debug|Any CPU
		{BA2CBF61-EE82-4405-9472-D6505DA68CC3}.Debug|Any CPU.Build.0 = Debug|Any CPU
		{BA2CBF61-EE82-4405-9472-D6505DA68CC3}.Release|Any CPU.ActiveCfg = Release|Any CPU
		{BA2CBF61-EE82-4405-9472-D6505DA68CC3}.Release|Any CPU.Build.0 = Release|Any CPU
		{F898CDAB-5820-4C4C-833A-78037B736A48}.Debug|Any CPU.ActiveCfg = Debug|Any CPU
		{F898CDAB-5820-4C4C-833A-78037B736A48}.Debug|Any CPU.Build.0 = Debug|Any CPU
		{F898CDAB-5820-4C4C-833A-78037B736A48}.Release|Any CPU.ActiveCfg = Release|Any CPU
		{F898CDAB-5820-4C4C-833A-78037B736A48}.Release|Any CPU.Build.0 = Release|Any CPU
		{419D3830-2DC5-40C1-A80C-978D1D6FC323}.Debug|Any CPU.ActiveCfg = Debug|Any CPU
		{419D3830-2DC5-40C1-A80C-978D1D6FC323}.Debug|Any CPU.Build.0 = Debug|Any CPU
		{419D3830-2DC5-40C1-A80C-978D1D6FC323}.Release|Any CPU.ActiveCfg = Release|Any CPU
		{419D3830-2DC5-40C1-A80C-978D1D6FC323}.Release|Any CPU.Build.0 = Release|Any CPU
		{97962C17-35CE-415B-95B9-61641C248446}.Debug|Any CPU.ActiveCfg = Debug|Any CPU
		{97962C17-35CE-415B-95B9-61641C248446}.Debug|Any CPU.Build.0 = Debug|Any CPU
		{97962C17-35CE-415B-95B9-61641C248446}.Release|Any CPU.ActiveCfg = Release|Any CPU
		{97962C17-35CE-415B-95B9-61641C248446}.Release|Any CPU.Build.0 = Release|Any CPU
		{17FA703E-C423-452D-AB65-EE0BBE485CCB}.Debug|Any CPU.ActiveCfg = Debug|Any CPU
		{17FA703E-C423-452D-AB65-EE0BBE485CCB}.Debug|Any CPU.Build.0 = Debug|Any CPU
		{17FA703E-C423-452D-AB65-EE0BBE485CCB}.Release|Any CPU.ActiveCfg = Release|Any CPU
		{17FA703E-C423-452D-AB65-EE0BBE485CCB}.Release|Any CPU.Build.0 = Release|Any CPU
		{DBB030D2-AF36-46C7-9B49-84C9795F75EB}.Debug|Any CPU.ActiveCfg = Debug|Any CPU
		{DBB030D2-AF36-46C7-9B49-84C9795F75EB}.Debug|Any CPU.Build.0 = Debug|Any CPU
		{DBB030D2-AF36-46C7-9B49-84C9795F75EB}.Release|Any CPU.ActiveCfg = Release|Any CPU
		{DBB030D2-AF36-46C7-9B49-84C9795F75EB}.Release|Any CPU.Build.0 = Release|Any CPU
		{EFD5C22F-37AA-4D5D-A8F2-C5FCEE768CBC}.Debug|Any CPU.ActiveCfg = Debug|Any CPU
		{EFD5C22F-37AA-4D5D-A8F2-C5FCEE768CBC}.Debug|Any CPU.Build.0 = Debug|Any CPU
		{EFD5C22F-37AA-4D5D-A8F2-C5FCEE768CBC}.Release|Any CPU.ActiveCfg = Release|Any CPU
		{EFD5C22F-37AA-4D5D-A8F2-C5FCEE768CBC}.Release|Any CPU.Build.0 = Release|Any CPU
		{970FA80E-2E9A-4B62-85CF-408357875DA8}.Debug|Any CPU.ActiveCfg = Debug|Any CPU
		{970FA80E-2E9A-4B62-85CF-408357875DA8}.Debug|Any CPU.Build.0 = Debug|Any CPU
		{970FA80E-2E9A-4B62-85CF-408357875DA8}.Release|Any CPU.ActiveCfg = Release|Any CPU
		{970FA80E-2E9A-4B62-85CF-408357875DA8}.Release|Any CPU.Build.0 = Release|Any CPU
		{B4209277-D73F-484A-9C3A-B3877239902A}.Debug|Any CPU.ActiveCfg = Debug|Any CPU
		{B4209277-D73F-484A-9C3A-B3877239902A}.Debug|Any CPU.Build.0 = Debug|Any CPU
		{B4209277-D73F-484A-9C3A-B3877239902A}.Release|Any CPU.ActiveCfg = Release|Any CPU
		{B4209277-D73F-484A-9C3A-B3877239902A}.Release|Any CPU.Build.0 = Release|Any CPU
		{DA190642-AC60-420C-895D-57C3959FABED}.Debug|Any CPU.ActiveCfg = Debug|Any CPU
		{DA190642-AC60-420C-895D-57C3959FABED}.Debug|Any CPU.Build.0 = Debug|Any CPU
		{DA190642-AC60-420C-895D-57C3959FABED}.Release|Any CPU.ActiveCfg = Release|Any CPU
		{DA190642-AC60-420C-895D-57C3959FABED}.Release|Any CPU.Build.0 = Release|Any CPU
		{F82AD800-9461-47CA-8AE1-EC3E1350C6A3}.Debug|Any CPU.ActiveCfg = Debug|Any CPU
		{F82AD800-9461-47CA-8AE1-EC3E1350C6A3}.Debug|Any CPU.Build.0 = Debug|Any CPU
		{F82AD800-9461-47CA-8AE1-EC3E1350C6A3}.Release|Any CPU.ActiveCfg = Release|Any CPU
		{F82AD800-9461-47CA-8AE1-EC3E1350C6A3}.Release|Any CPU.Build.0 = Release|Any CPU
		{574B9CD5-A33C-4F18-BC13-23CED9B82421}.Debug|Any CPU.ActiveCfg = Debug|Any CPU
		{574B9CD5-A33C-4F18-BC13-23CED9B82421}.Debug|Any CPU.Build.0 = Debug|Any CPU
		{574B9CD5-A33C-4F18-BC13-23CED9B82421}.Release|Any CPU.ActiveCfg = Release|Any CPU
		{574B9CD5-A33C-4F18-BC13-23CED9B82421}.Release|Any CPU.Build.0 = Release|Any CPU
		{42B92B7E-3A21-4A28-8B74-6AB8194AF18E}.Debug|Any CPU.ActiveCfg = Debug|Any CPU
		{42B92B7E-3A21-4A28-8B74-6AB8194AF18E}.Debug|Any CPU.Build.0 = Debug|Any CPU
		{42B92B7E-3A21-4A28-8B74-6AB8194AF18E}.Release|Any CPU.ActiveCfg = Release|Any CPU
		{42B92B7E-3A21-4A28-8B74-6AB8194AF18E}.Release|Any CPU.Build.0 = Release|Any CPU
		{E415C976-C344-4065-A26D-6B91AD219C83}.Debug|Any CPU.ActiveCfg = Debug|Any CPU
		{E415C976-C344-4065-A26D-6B91AD219C83}.Debug|Any CPU.Build.0 = Debug|Any CPU
		{E415C976-C344-4065-A26D-6B91AD219C83}.Release|Any CPU.ActiveCfg = Release|Any CPU
		{E415C976-C344-4065-A26D-6B91AD219C83}.Release|Any CPU.Build.0 = Release|Any CPU
	EndGlobalSection
	GlobalSection(SolutionProperties) = preSolution
		HideSolutionNode = FALSE
	EndGlobalSection
	GlobalSection(NestedProjects) = preSolution
		{0668541A-5FB9-4964-AC75-21398DB7F90D} = {0EF1F1B8-66F8-4B6D-9467-0E683C0C883C}
		{8AE0D04A-D7F3-4367-B03A-8F1EA525FB54} = {0EF1F1B8-66F8-4B6D-9467-0E683C0C883C}
		{1BB69243-A5A6-4DB1-97AD-7B68F73DF868} = {0EF1F1B8-66F8-4B6D-9467-0E683C0C883C}
		{71A3C924-5087-44F9-9FD3-A1A3C324ECDC} = {636B018E-80F9-4559-B98C-BE009315E6AF}
		{2F0ECFB8-5332-4CD7-9EEF-65F8E155E516} = {636B018E-80F9-4559-B98C-BE009315E6AF}
		{7683BEBA-A1C6-468C-A43E-CF931318B1BB} = {636B018E-80F9-4559-B98C-BE009315E6AF}
		{BE23E08A-1329-4B6A-97A6-439F3F8395F9} = {6F1CFE60-ACAD-4E1C-BE54-EA01B92DD883}
		{BA2CBF61-EE82-4405-9472-D6505DA68CC3} = {6F1CFE60-ACAD-4E1C-BE54-EA01B92DD883}
		{F898CDAB-5820-4C4C-833A-78037B736A48} = {6F1CFE60-ACAD-4E1C-BE54-EA01B92DD883}
		{419D3830-2DC5-40C1-A80C-978D1D6FC323} = {735506F2-EA32-4C55-B338-F41DD475D35D}
		{97962C17-35CE-415B-95B9-61641C248446} = {735506F2-EA32-4C55-B338-F41DD475D35D}
		{17FA703E-C423-452D-AB65-EE0BBE485CCB} = {735506F2-EA32-4C55-B338-F41DD475D35D}
		{DBB030D2-AF36-46C7-9B49-84C9795F75EB} = {CFBCB255-CEC9-4E3F-BC9E-4B26810A076D}
		{EFD5C22F-37AA-4D5D-A8F2-C5FCEE768CBC} = {CFBCB255-CEC9-4E3F-BC9E-4B26810A076D}
		{970FA80E-2E9A-4B62-85CF-408357875DA8} = {CFBCB255-CEC9-4E3F-BC9E-4B26810A076D}
		{B4209277-D73F-484A-9C3A-B3877239902A} = {577FEBB9-D548-4C49-9AE2-4E160F59649F}
		{DA190642-AC60-420C-895D-57C3959FABED} = {577FEBB9-D548-4C49-9AE2-4E160F59649F}
		{F82AD800-9461-47CA-8AE1-EC3E1350C6A3} = {577FEBB9-D548-4C49-9AE2-4E160F59649F}
		{574B9CD5-A33C-4F18-BC13-23CED9B82421} = {F1CCA059-8174-4990-91FA-921984AEFCED}
		{42B92B7E-3A21-4A28-8B74-6AB8194AF18E} = {F1CCA059-8174-4990-91FA-921984AEFCED}
		{E415C976-C344-4065-A26D-6B91AD219C83} = {F1CCA059-8174-4990-91FA-921984AEFCED}
	EndGlobalSection
	GlobalSection(ExtensibilityGlobals) = postSolution
		SolutionGuid = {7C99100F-842A-46C8-B9F8-954CAC8CEEBE}
	EndGlobalSection
EndGlobal
